
Microsoft Visual Studio Solution File, Format Version 12.00
# Visual Studio 15
VisualStudioVersion = 15.0.26730.12
MinimumVisualStudioVersion = 10.0.40219.1
Project("{FAE04EC0-301F-11D3-BF4B-00C04F79EFBC}") = "[projectName].Website", "Project\[projectName].Website\code\[projectName].Website.csproj", "{C73BDE77-30D0-4EBF-9FEB-6DF981231D3D}"
EndProject
Project("{2150E333-8FDC-42A3-9474-1A3956D46DE8}") = "Project", "Project", "{782DEB9E-BD85-42C9-880C-449CFDC91479}"
EndProject
Project("{2150E333-8FDC-42A3-9474-1A3956D46DE8}") = "[projectName].Website", "[projectName].Website", "{F9F9714A-34EA-45F2-813A-1F64BD30BF5A}"
EndProject
Project("{2150E333-8FDC-42A3-9474-1A3956D46DE8}") = "Foundation", "Foundation", "{464A74C0-ED04-4208-8EF5-51AB61B5DEF2}"
EndProject
Project("{2150E333-8FDC-42A3-9474-1A3956D46DE8}") = "Feature", "Feature", "{2E40B8C1-1A72-4AB4-A5A3-FA26AD054AD7}"
EndProject
Project("{2150E333-8FDC-42A3-9474-1A3956D46DE8}") = "Serialization", "Serialization", "{9B1D4B35-22F3-4E04-96B5-0C45D7D4D490}"
EndProject
Project("{FAE04EC0-301F-11D3-BF4B-00C04F79EFBC}") = "[projectName].Foundation.Serialization", "Foundation\Serialization\code\[projectName].Foundation.Serialization.csproj", "{F33D23CB-7086-4E31-B321-D69E7E6B5E04}"
EndProject
Project("{2150E333-8FDC-42A3-9474-1A3956D46DE8}") = "Demo", "Demo", "{8E7A3486-57BD-4411-A162-ED614561FCEE}"
EndProject
Project("{FAE04EC0-301F-11D3-BF4B-00C04F79EFBC}") = "[projectName].Feature.Demo", "Feature\Demo\code\[projectName].Feature.Demo.csproj", "{D7327A2A-0540-40FA-A40A-1E53A7A11AA6}"
EndProject
Project("{FAE04EC0-301F-11D3-BF4B-00C04F79EFBC}") = "[projectName].Foundation.ORM", "Foundation\ORM\code\[projectName].Foundation.ORM.csproj", "{F0FAD047-3897-4267-AF7A-B6B8D3ACA436}"
EndProject
Project("{2150E333-8FDC-42A3-9474-1A3956D46DE8}") = "ORM", "ORM", "{9CE5371A-0B58-41E1-86FC-0C42947E2973}"
EndProject
Project("{2150E333-8FDC-42A3-9474-1A3956D46DE8}") = "Data", "Data", "{74AEAA81-5F72-441D-B11B-0CDD26C685F9}"
EndProject
Project("{FAE04EC0-301F-11D3-BF4B-00C04F79EFBC}") = "[projectName].Foundation.Data", "Foundation\Data\code\[projectName].Foundation.Data.csproj", "{B58BBB14-94EC-44EC-8A32-BAD6BEDC6EFF}"
EndProject
Project("{2150E333-8FDC-42A3-9474-1A3956D46DE8}") = "DI", "DI", "{F3166D94-0E36-42E3-B3BE-2643A6542CCE}"
EndProject
Project("{FAE04EC0-301F-11D3-BF4B-00C04F79EFBC}") = "[projectName].Foundation.DI", "Foundation\DI\code\[projectName].Foundation.DI.csproj", "{02998E4D-D8F5-41D7-B491-EFD825537F2E}"
EndProject
Global
	GlobalSection(SolutionConfigurationPlatforms) = preSolution
		Debug|Any CPU = Debug|Any CPU
		Release|Any CPU = Release|Any CPU
	EndGlobalSection
	GlobalSection(ProjectConfigurationPlatforms) = postSolution
		{C73BDE77-30D0-4EBF-9FEB-6DF981231D3D}.Debug|Any CPU.ActiveCfg = Debug|Any CPU
		{C73BDE77-30D0-4EBF-9FEB-6DF981231D3D}.Debug|Any CPU.Build.0 = Debug|Any CPU
		{C73BDE77-30D0-4EBF-9FEB-6DF981231D3D}.Release|Any CPU.ActiveCfg = Release|Any CPU
		{C73BDE77-30D0-4EBF-9FEB-6DF981231D3D}.Release|Any CPU.Build.0 = Release|Any CPU
		{F33D23CB-7086-4E31-B321-D69E7E6B5E04}.Debug|Any CPU.ActiveCfg = Debug|Any CPU
		{F33D23CB-7086-4E31-B321-D69E7E6B5E04}.Debug|Any CPU.Build.0 = Debug|Any CPU
		{F33D23CB-7086-4E31-B321-D69E7E6B5E04}.Release|Any CPU.ActiveCfg = Release|Any CPU
		{F33D23CB-7086-4E31-B321-D69E7E6B5E04}.Release|Any CPU.Build.0 = Release|Any CPU
		{D7327A2A-0540-40FA-A40A-1E53A7A11AA6}.Debug|Any CPU.ActiveCfg = Debug|Any CPU
		{D7327A2A-0540-40FA-A40A-1E53A7A11AA6}.Debug|Any CPU.Build.0 = Debug|Any CPU
		{D7327A2A-0540-40FA-A40A-1E53A7A11AA6}.Debug|Any CPU.Deploy.0 = Debug|Any CPU
		{D7327A2A-0540-40FA-A40A-1E53A7A11AA6}.Release|Any CPU.ActiveCfg = Release|Any CPU
		{D7327A2A-0540-40FA-A40A-1E53A7A11AA6}.Release|Any CPU.Build.0 = Release|Any CPU
		{F0FAD047-3897-4267-AF7A-B6B8D3ACA436}.Debug|Any CPU.ActiveCfg = Debug|Any CPU
		{F0FAD047-3897-4267-AF7A-B6B8D3ACA436}.Debug|Any CPU.Build.0 = Debug|Any CPU
		{F0FAD047-3897-4267-AF7A-B6B8D3ACA436}.Release|Any CPU.ActiveCfg = Release|Any CPU
		{F0FAD047-3897-4267-AF7A-B6B8D3ACA436}.Release|Any CPU.Build.0 = Release|Any CPU
		{B58BBB14-94EC-44EC-8A32-BAD6BEDC6EFF}.Debug|Any CPU.ActiveCfg = Debug|Any CPU
		{B58BBB14-94EC-44EC-8A32-BAD6BEDC6EFF}.Debug|Any CPU.Build.0 = Debug|Any CPU
		{B58BBB14-94EC-44EC-8A32-BAD6BEDC6EFF}.Release|Any CPU.ActiveCfg = Release|Any CPU
		{B58BBB14-94EC-44EC-8A32-BAD6BEDC6EFF}.Release|Any CPU.Build.0 = Release|Any CPU
		{02998E4D-D8F5-41D7-B491-EFD825537F2E}.Debug|Any CPU.ActiveCfg = Debug|Any CPU
		{02998E4D-D8F5-41D7-B491-EFD825537F2E}.Debug|Any CPU.Build.0 = Debug|Any CPU
		{02998E4D-D8F5-41D7-B491-EFD825537F2E}.Release|Any CPU.ActiveCfg = Release|Any CPU
		{02998E4D-D8F5-41D7-B491-EFD825537F2E}.Release|Any CPU.Build.0 = Release|Any CPU
	EndGlobalSection
	GlobalSection(SolutionProperties) = preSolution
		HideSolutionNode = FALSE
	EndGlobalSection
	GlobalSection(NestedProjects) = preSolution
		{C73BDE77-30D0-4EBF-9FEB-6DF981231D3D} = {F9F9714A-34EA-45F2-813A-1F64BD30BF5A}
		{F9F9714A-34EA-45F2-813A-1F64BD30BF5A} = {782DEB9E-BD85-42C9-880C-449CFDC91479}
		{9B1D4B35-22F3-4E04-96B5-0C45D7D4D490} = {464A74C0-ED04-4208-8EF5-51AB61B5DEF2}
		{F33D23CB-7086-4E31-B321-D69E7E6B5E04} = {9B1D4B35-22F3-4E04-96B5-0C45D7D4D490}
		{8E7A3486-57BD-4411-A162-ED614561FCEE} = {2E40B8C1-1A72-4AB4-A5A3-FA26AD054AD7}
		{D7327A2A-0540-40FA-A40A-1E53A7A11AA6} = {8E7A3486-57BD-4411-A162-ED614561FCEE}
		{F0FAD047-3897-4267-AF7A-B6B8D3ACA436} = {9CE5371A-0B58-41E1-86FC-0C42947E2973}
		{9CE5371A-0B58-41E1-86FC-0C42947E2973} = {464A74C0-ED04-4208-8EF5-51AB61B5DEF2}
		{74AEAA81-5F72-441D-B11B-0CDD26C685F9} = {464A74C0-ED04-4208-8EF5-51AB61B5DEF2}
		{B58BBB14-94EC-44EC-8A32-BAD6BEDC6EFF} = {74AEAA81-5F72-441D-B11B-0CDD26C685F9}
		{F3166D94-0E36-42E3-B3BE-2643A6542CCE} = {464A74C0-ED04-4208-8EF5-51AB61B5DEF2}
		{02998E4D-D8F5-41D7-B491-EFD825537F2E} = {F3166D94-0E36-42E3-B3BE-2643A6542CCE}
	EndGlobalSection
	GlobalSection(ExtensibilityGlobals) = postSolution
		SolutionGuid = {4E815CDE-A02C-4713-A4FF-46B59E79EEA8}
	EndGlobalSection
EndGlobal
